
Microsoft Visual Studio Solution File, Format Version 12.00
# Visual Studio Version 17
VisualStudioVersion = 17.0.31903.59
MinimumVisualStudioVersion = 10.0.40219.1
Project("{2150E333-8FDC-42A3-9474-1A3956D46DE8}") = "Basic_C_Sharp", "Basic_C_Sharp", "{B1A5CA85-A06B-4B71-8ECF-D7B9EAA89C3C}"
EndProject
Project("{9A19103F-16F7-4668-BE54-9A1E7A4F7556}") = "BoxingUnboxing", "Boxing_Unboxing\BoxingUnboxing.csproj", "{BD54140F-20BC-48CC-A833-9B103BED57DE}"
EndProject
Project("{9A19103F-16F7-4668-BE54-9A1E7A4F7556}") = "AccessModifier", "AccessModifier\AccessModifier.csproj", "{362341FE-15F8-465C-9D3A-B265830A2010}"
EndProject
Project("{9A19103F-16F7-4668-BE54-9A1E7A4F7556}") = "AccessModifierCheck", "AccessModifierCheck\AccessModifierCheck.csproj", "{884CCF5F-D3C5-49CF-A921-224B3965A104}"
EndProject
Project("{9A19103F-16F7-4668-BE54-9A1E7A4F7556}") = "ParamsExample", "ParamsExample\ParamsExample.csproj", "{24C138B8-9938-41D5-816E-4C5FCE642C0D}"
EndProject
Project("{9A19103F-16F7-4668-BE54-9A1E7A4F7556}") = "Struct", "Struct\Struct.csproj", "{F81692A7-A614-4283-9BDB-60FC5619C53C}"
EndProject
Project("{9A19103F-16F7-4668-BE54-9A1E7A4F7556}") = "StaticExample", "StaticExample\StaticExample.csproj", "{0F351F1B-2620-4E8B-8F58-D79AB6BE889B}"
EndProject
Project("{9A19103F-16F7-4668-BE54-9A1E7A4F7556}") = "StaticExample2", "StaticExample2\StaticExample2.csproj", "{E5420F75-DF5E-406A-BA30-F07D40669B97}"
EndProject
Project("{9A19103F-16F7-4668-BE54-9A1E7A4F7556}") = "NullExample", "NullExample\NullExample.csproj", "{BC8C8DE4-97ED-4CE1-BF3B-99C179483017}"
EndProject
Project("{9A19103F-16F7-4668-BE54-9A1E7A4F7556}") = "EncapsulationWithout", "EncapsulationWithout\EncapsulationWithout.csproj", "{70651865-3B27-4A21-AE2D-A29844B78333}"
EndProject
Project("{9A19103F-16F7-4668-BE54-9A1E7A4F7556}") = "EncapsulationWith", "EncapsulationWith\EncapsulationWith.csproj", "{0D49E417-0277-4D08-B71E-F0361369A1F1}"
EndProject
Project("{9A19103F-16F7-4668-BE54-9A1E7A4F7556}") = "ExtensionMethod", "ExtensionMethod\ExtensionMethod.csproj", "{3612AEFE-0E9A-4D52-B61E-FE748C1F041C}"
EndProject
Project("{9A19103F-16F7-4668-BE54-9A1E7A4F7556}") = "DisposeFinalize", "DisposeFinalize\DisposeFinalize.csproj", "{92BCD6CB-B234-47F4-94C2-8670DB255E63}"
EndProject
Project("{9A19103F-16F7-4668-BE54-9A1E7A4F7556}") = "Generics", "Generics\Generics.csproj", "{783F7BA7-378C-4510-B985-27ACDA92254E}"
EndProject
Project("{9A19103F-16F7-4668-BE54-9A1E7A4F7556}") = "ConstRead", "ConstRead\ConstRead.csproj", "{8C8904C2-E7F6-4239-A829-3A549B86DAF7}"
EndProject
Project("{9A19103F-16F7-4668-BE54-9A1E7A4F7556}") = "Dispose", "Dispose\Dispose.csproj", "{CA8B03FA-9A57-4142-99AA-E74F49C6B669}"
EndProject
Project("{9A19103F-16F7-4668-BE54-9A1E7A4F7556}") = "RefExample", "RefExample\RefExample.csproj", "{88C10950-A374-4C84-8C0C-4C4F0565D526}"
EndProject
Project("{9A19103F-16F7-4668-BE54-9A1E7A4F7556}") = "OutExample", "OutExample\OutExample.csproj", "{59A75BD9-06E5-4427-819C-EA0952467133}"
EndProject
Project("{9A19103F-16F7-4668-BE54-9A1E7A4F7556}") = "AbstractClass", "AbstractClass\AbstractClass.csproj", "{07B16116-E854-43B8-8A97-2622742FA4CE}"
EndProject
Project("{2150E333-8FDC-42A3-9474-1A3956D46DE8}") = "MId_C_Sharp", "MId_C_Sharp", "{92C61CA2-E56E-4092-923D-7CE983D024B1}"
EndProject
Project("{9A19103F-16F7-4668-BE54-9A1E7A4F7556}") = "Dynamic", "Dynamic\Dynamic.csproj", "{FF8D2627-DEDA-4268-86C5-CE338591BD8B}"
EndProject
Project("{9A19103F-16F7-4668-BE54-9A1E7A4F7556}") = "Dynamic_Example_Two", "Dynamic_Example_Two\Dynamic_Example_Two.csproj", "{7F319189-FB0A-4EF5-896F-89AB2492A933}"
EndProject
Project("{9A19103F-16F7-4668-BE54-9A1E7A4F7556}") = "Expression-bodies", "Expression-bodies\Expression-bodies.csproj", "{F0B288AC-031E-442F-A87F-C1C57C369490}"
EndProject
Project("{9A19103F-16F7-4668-BE54-9A1E7A4F7556}") = "FuncExample", "FuncExample\FuncExample.csproj", "{322F67E0-92AD-4DBB-8E6D-13114B98B772}"
EndProject
Project("{2150E333-8FDC-42A3-9474-1A3956D46DE8}") = "Design_Pattern", "Design_Pattern", "{E8B29620-A847-47DF-979D-501C58EEFE7B}"
EndProject
Project("{9A19103F-16F7-4668-BE54-9A1E7A4F7556}") = "SingleTon", "SingleTon\SingleTon.csproj", "{6D611CBD-913C-4C70-831C-D3ABF2FE7207}"
EndProject
Project("{9A19103F-16F7-4668-BE54-9A1E7A4F7556}") = "ServiceLifeTime", "ServiceLifeTime\ServiceLifeTime.csproj", "{72B7CDA6-58A7-493E-9A55-A2EB92E8D813}"
EndProject
Project("{2150E333-8FDC-42A3-9474-1A3956D46DE8}") = "Basic_Data_Structure", "Basic_Data_Structure", "{58E2D76F-4542-4DB2-82B2-D0B3A662E581}"
EndProject
Project("{9A19103F-16F7-4668-BE54-9A1E7A4F7556}") = "Factorial", "Factorial\Factorial.csproj", "{CF8E10C7-15D1-4577-B7E2-9ED5F18F30AA}"
EndProject
Project("{9A19103F-16F7-4668-BE54-9A1E7A4F7556}") = "FactorialWithRecursive", "FactorialWithRecursive\FactorialWithRecursive.csproj", "{4E677C34-A13A-4EB6-8599-7BC936457F56}"
EndProject
Project("{9A19103F-16F7-4668-BE54-9A1E7A4F7556}") = "Power", "Power\Power.csproj", "{106902E5-F322-48B3-AD14-40E228E26BD3}"
EndProject
Project("{2150E333-8FDC-42A3-9474-1A3956D46DE8}") = "Others", "Others", "{71D3D7CD-527B-4CE6-B78E-08D8289A17DD}"
EndProject
Project("{9A19103F-16F7-4668-BE54-9A1E7A4F7556}") = "FindoutDuplicateChar", "FindoutDuplicateChar\FindoutDuplicateChar.csproj", "{783898D4-D249-4919-BD1C-7FE9EC1B18B6}"
EndProject
Project("{9A19103F-16F7-4668-BE54-9A1E7A4F7556}") = "RemoveDuplicateChar", "RemoveDuplicateChar\RemoveDuplicateChar.csproj", "{258CE8C9-F2CB-4D33-9027-C707B6BA3FEF}"
EndProject
Project("{9A19103F-16F7-4668-BE54-9A1E7A4F7556}") = "AnagramWords", "AnagramWords\AnagramWords.csproj", "{1424CCFB-942F-4792-89BA-4618A1051173}"
EndProject
Project("{9A19103F-16F7-4668-BE54-9A1E7A4F7556}") = "ReverseString", "ReverseString\ReverseString.csproj", "{97206476-D55D-4CD1-9F7E-4A750F842816}"
EndProject
Project("{9A19103F-16F7-4668-BE54-9A1E7A4F7556}") = "Palindrom", "Palindrom\Palindrom.csproj", "{9D2F59E8-E1CC-4AA7-9EE9-E8E56D5B649A}"
EndProject
Project("{9A19103F-16F7-4668-BE54-9A1E7A4F7556}") = "SortAndDescendingOrder", "SortAndDescendingOrder\SortAndDescendingOrder.csproj", "{C3957725-FF31-4A0A-8A19-7842A03217A4}"
EndProject
Project("{2150E333-8FDC-42A3-9474-1A3956D46DE8}") = "SOLID", "SOLID", "{0DCCBF39-B19F-41EE-8B53-1C0B858186E8}"
EndProject
Project("{9A19103F-16F7-4668-BE54-9A1E7A4F7556}") = "OCP_Example_Of_Square_WithoutRefactore", "OCP_Example_Of_Square_WithoutRefactore\OCP_Example_Of_Square_WithoutRefactore.csproj", "{A2B9FADF-BA8A-484A-AA38-9C590B22528B}"
EndProject
Project("{9A19103F-16F7-4668-BE54-9A1E7A4F7556}") = "OCP_Example_Of_Square_Refactore", "OCP_Example_Of_Square_Refactore\OCP_Example_Of_Square_Refactore.csproj", "{04D44C0F-A269-41D5-BA6D-0E2055D3D556}"
EndProject
Project("{2150E333-8FDC-42A3-9474-1A3956D46DE8}") = "OCP", "OCP", "{D6ED5A25-00D8-4D80-988D-900E95E53433}"
EndProject
Project("{2150E333-8FDC-42A3-9474-1A3956D46DE8}") = "violation", "violation", "{487DCD46-7A1D-4074-A2F7-F2D62D60A643}"
EndProject
Project("{2150E333-8FDC-42A3-9474-1A3956D46DE8}") = "refactore", "refactore", "{118665DD-78C7-45CC-BBE4-951C4C9B06CA}"
EndProject
Project("{2150E333-8FDC-42A3-9474-1A3956D46DE8}") = "LSP", "LSP", "{F4B4F373-BAE8-4B55-BD66-59B1DCD11B21}"
EndProject
Project("{2150E333-8FDC-42A3-9474-1A3956D46DE8}") = "refactore", "refactore", "{8A172A14-EC89-4058-A591-FC226DB1E5F8}"
EndProject
Project("{2150E333-8FDC-42A3-9474-1A3956D46DE8}") = "violation", "violation", "{03E91226-C48A-4745-8EAD-9F8BBA71755E}"
EndProject
Project("{9A19103F-16F7-4668-BE54-9A1E7A4F7556}") = "EmployeeSalaryExample", "EmployeeSalaryExample\EmployeeSalaryExample.csproj", "{24F55801-F79E-4BAF-B085-435933133A46}"
EndProject
Project("{9A19103F-16F7-4668-BE54-9A1E7A4F7556}") = "EmployeeSalary_Refactore_Example", "EmployeeSalary_Refactore_Example\EmployeeSalary_Refactore_Example.csproj", "{267E9F6B-1D62-40A1-A05A-323E3F628446}"
EndProject
Project("{2150E333-8FDC-42A3-9474-1A3956D46DE8}") = "ISP", "ISP", "{23D41897-09E3-4106-8C92-5D3C3EE6E183}"
EndProject
Project("{2150E333-8FDC-42A3-9474-1A3956D46DE8}") = "refactore", "refactore", "{E413E884-E3E7-47CF-A02E-F9253C1076E9}"
EndProject
Project("{2150E333-8FDC-42A3-9474-1A3956D46DE8}") = "violation", "violation", "{28449FA6-07B5-4385-B0EE-31B9A2CC7377}"
EndProject
Project("{9A19103F-16F7-4668-BE54-9A1E7A4F7556}") = "BankExample", "BankExample\BankExample.csproj", "{048F5100-A5DD-497D-B624-3F15FC2DFDAC}"
EndProject
Project("{9A19103F-16F7-4668-BE54-9A1E7A4F7556}") = "BankExample_ISP_Refactore", "BankExample_ISP_Refactore\BankExample_ISP_Refactore.csproj", "{34F9BE7D-BB92-401A-A12E-A6C181D80F96}"
EndProject
Project("{2150E333-8FDC-42A3-9474-1A3956D46DE8}") = "DIP", "DIP", "{AB80826D-EBD6-43A5-A237-12217C2B8247}"
EndProject
Project("{2150E333-8FDC-42A3-9474-1A3956D46DE8}") = "violation", "violation", "{477D7BD1-0CF5-4C20-85D9-8DB5D295A993}"
EndProject
Project("{2150E333-8FDC-42A3-9474-1A3956D46DE8}") = "refactore", "refactore", "{8FE1C47A-618E-4DBC-9F86-0C70A1993C50}"
EndProject
Project("{9A19103F-16F7-4668-BE54-9A1E7A4F7556}") = "SMSProviderExample_violation", "SMSProviderExample_violation\SMSProviderExample_violation.csproj", "{7183F58C-C164-4D68-9B2E-14F8CD3808E8}"
EndProject
Project("{9A19103F-16F7-4668-BE54-9A1E7A4F7556}") = "SmsProviderExample_refactore", "SmsProviderExample_refactore\SmsProviderExample_refactore.csproj", "{B04C6212-510E-45BA-B52C-FAFF2487C640}"
EndProject
Project("{2150E333-8FDC-42A3-9474-1A3956D46DE8}") = "DotNetCore", "DotNetCore", "{600F1E71-4485-423B-8775-F5676BAF80AE}"
EndProject
Project("{9A19103F-16F7-4668-BE54-9A1E7A4F7556}") = "MIddleware.API", "MIddleware.API\MIddleware.API.csproj", "{844AA192-59DF-41A5-BB07-0EC15A12DEA0}"
EndProject
Project("{FAE04EC0-301F-11D3-BF4B-00C04F79EFBC}") = "MiddlewareException.API", "MiddlewareException.API\MiddlewareException.API.csproj", "{7F838CB3-3C41-4A20-AC25-D3D771BC930A}"
EndProject
Project("{FAE04EC0-301F-11D3-BF4B-00C04F79EFBC}") = "MailService", "MailService\MailService.csproj", "{D20B9700-50D9-439A-A08F-8E125A0A1109}"
EndProject
Project("{FAE04EC0-301F-11D3-BF4B-00C04F79EFBC}") = "DomainService", "DomainService\DomainService.csproj", "{A81EEEBD-DC8E-4E6E-A4DC-1F77AD3FE083}"
EndProject
Global
	GlobalSection(SolutionConfigurationPlatforms) = preSolution
		Debug|Any CPU = Debug|Any CPU
		Release|Any CPU = Release|Any CPU
	EndGlobalSection
	GlobalSection(ProjectConfigurationPlatforms) = postSolution
		{BD54140F-20BC-48CC-A833-9B103BED57DE}.Debug|Any CPU.ActiveCfg = Debug|Any CPU
		{BD54140F-20BC-48CC-A833-9B103BED57DE}.Debug|Any CPU.Build.0 = Debug|Any CPU
		{BD54140F-20BC-48CC-A833-9B103BED57DE}.Release|Any CPU.ActiveCfg = Release|Any CPU
		{BD54140F-20BC-48CC-A833-9B103BED57DE}.Release|Any CPU.Build.0 = Release|Any CPU
		{362341FE-15F8-465C-9D3A-B265830A2010}.Debug|Any CPU.ActiveCfg = Debug|Any CPU
		{362341FE-15F8-465C-9D3A-B265830A2010}.Debug|Any CPU.Build.0 = Debug|Any CPU
		{362341FE-15F8-465C-9D3A-B265830A2010}.Release|Any CPU.ActiveCfg = Release|Any CPU
		{362341FE-15F8-465C-9D3A-B265830A2010}.Release|Any CPU.Build.0 = Release|Any CPU
		{884CCF5F-D3C5-49CF-A921-224B3965A104}.Debug|Any CPU.ActiveCfg = Debug|Any CPU
		{884CCF5F-D3C5-49CF-A921-224B3965A104}.Debug|Any CPU.Build.0 = Debug|Any CPU
		{884CCF5F-D3C5-49CF-A921-224B3965A104}.Release|Any CPU.ActiveCfg = Release|Any CPU
		{884CCF5F-D3C5-49CF-A921-224B3965A104}.Release|Any CPU.Build.0 = Release|Any CPU
		{24C138B8-9938-41D5-816E-4C5FCE642C0D}.Debug|Any CPU.ActiveCfg = Debug|Any CPU
		{24C138B8-9938-41D5-816E-4C5FCE642C0D}.Debug|Any CPU.Build.0 = Debug|Any CPU
		{24C138B8-9938-41D5-816E-4C5FCE642C0D}.Release|Any CPU.ActiveCfg = Release|Any CPU
		{24C138B8-9938-41D5-816E-4C5FCE642C0D}.Release|Any CPU.Build.0 = Release|Any CPU
		{F81692A7-A614-4283-9BDB-60FC5619C53C}.Debug|Any CPU.ActiveCfg = Debug|Any CPU
		{F81692A7-A614-4283-9BDB-60FC5619C53C}.Debug|Any CPU.Build.0 = Debug|Any CPU
		{F81692A7-A614-4283-9BDB-60FC5619C53C}.Release|Any CPU.ActiveCfg = Release|Any CPU
		{F81692A7-A614-4283-9BDB-60FC5619C53C}.Release|Any CPU.Build.0 = Release|Any CPU
		{0F351F1B-2620-4E8B-8F58-D79AB6BE889B}.Debug|Any CPU.ActiveCfg = Debug|Any CPU
		{0F351F1B-2620-4E8B-8F58-D79AB6BE889B}.Debug|Any CPU.Build.0 = Debug|Any CPU
		{0F351F1B-2620-4E8B-8F58-D79AB6BE889B}.Release|Any CPU.ActiveCfg = Release|Any CPU
		{0F351F1B-2620-4E8B-8F58-D79AB6BE889B}.Release|Any CPU.Build.0 = Release|Any CPU
		{E5420F75-DF5E-406A-BA30-F07D40669B97}.Debug|Any CPU.ActiveCfg = Debug|Any CPU
		{E5420F75-DF5E-406A-BA30-F07D40669B97}.Debug|Any CPU.Build.0 = Debug|Any CPU
		{E5420F75-DF5E-406A-BA30-F07D40669B97}.Release|Any CPU.ActiveCfg = Release|Any CPU
		{E5420F75-DF5E-406A-BA30-F07D40669B97}.Release|Any CPU.Build.0 = Release|Any CPU
		{BC8C8DE4-97ED-4CE1-BF3B-99C179483017}.Debug|Any CPU.ActiveCfg = Debug|Any CPU
		{BC8C8DE4-97ED-4CE1-BF3B-99C179483017}.Debug|Any CPU.Build.0 = Debug|Any CPU
		{BC8C8DE4-97ED-4CE1-BF3B-99C179483017}.Release|Any CPU.ActiveCfg = Release|Any CPU
		{BC8C8DE4-97ED-4CE1-BF3B-99C179483017}.Release|Any CPU.Build.0 = Release|Any CPU
		{70651865-3B27-4A21-AE2D-A29844B78333}.Debug|Any CPU.ActiveCfg = Debug|Any CPU
		{70651865-3B27-4A21-AE2D-A29844B78333}.Debug|Any CPU.Build.0 = Debug|Any CPU
		{70651865-3B27-4A21-AE2D-A29844B78333}.Release|Any CPU.ActiveCfg = Release|Any CPU
		{70651865-3B27-4A21-AE2D-A29844B78333}.Release|Any CPU.Build.0 = Release|Any CPU
		{0D49E417-0277-4D08-B71E-F0361369A1F1}.Debug|Any CPU.ActiveCfg = Debug|Any CPU
		{0D49E417-0277-4D08-B71E-F0361369A1F1}.Debug|Any CPU.Build.0 = Debug|Any CPU
		{0D49E417-0277-4D08-B71E-F0361369A1F1}.Release|Any CPU.ActiveCfg = Release|Any CPU
		{0D49E417-0277-4D08-B71E-F0361369A1F1}.Release|Any CPU.Build.0 = Release|Any CPU
		{3612AEFE-0E9A-4D52-B61E-FE748C1F041C}.Debug|Any CPU.ActiveCfg = Debug|Any CPU
		{3612AEFE-0E9A-4D52-B61E-FE748C1F041C}.Debug|Any CPU.Build.0 = Debug|Any CPU
		{3612AEFE-0E9A-4D52-B61E-FE748C1F041C}.Release|Any CPU.ActiveCfg = Release|Any CPU
		{3612AEFE-0E9A-4D52-B61E-FE748C1F041C}.Release|Any CPU.Build.0 = Release|Any CPU
		{92BCD6CB-B234-47F4-94C2-8670DB255E63}.Debug|Any CPU.ActiveCfg = Debug|Any CPU
		{92BCD6CB-B234-47F4-94C2-8670DB255E63}.Debug|Any CPU.Build.0 = Debug|Any CPU
		{92BCD6CB-B234-47F4-94C2-8670DB255E63}.Release|Any CPU.ActiveCfg = Release|Any CPU
		{92BCD6CB-B234-47F4-94C2-8670DB255E63}.Release|Any CPU.Build.0 = Release|Any CPU
		{783F7BA7-378C-4510-B985-27ACDA92254E}.Debug|Any CPU.ActiveCfg = Debug|Any CPU
		{783F7BA7-378C-4510-B985-27ACDA92254E}.Debug|Any CPU.Build.0 = Debug|Any CPU
		{783F7BA7-378C-4510-B985-27ACDA92254E}.Release|Any CPU.ActiveCfg = Release|Any CPU
		{783F7BA7-378C-4510-B985-27ACDA92254E}.Release|Any CPU.Build.0 = Release|Any CPU
		{8C8904C2-E7F6-4239-A829-3A549B86DAF7}.Debug|Any CPU.ActiveCfg = Debug|Any CPU
		{8C8904C2-E7F6-4239-A829-3A549B86DAF7}.Debug|Any CPU.Build.0 = Debug|Any CPU
		{8C8904C2-E7F6-4239-A829-3A549B86DAF7}.Release|Any CPU.ActiveCfg = Release|Any CPU
		{8C8904C2-E7F6-4239-A829-3A549B86DAF7}.Release|Any CPU.Build.0 = Release|Any CPU
		{CA8B03FA-9A57-4142-99AA-E74F49C6B669}.Debug|Any CPU.ActiveCfg = Debug|Any CPU
		{CA8B03FA-9A57-4142-99AA-E74F49C6B669}.Debug|Any CPU.Build.0 = Debug|Any CPU
		{CA8B03FA-9A57-4142-99AA-E74F49C6B669}.Release|Any CPU.ActiveCfg = Release|Any CPU
		{CA8B03FA-9A57-4142-99AA-E74F49C6B669}.Release|Any CPU.Build.0 = Release|Any CPU
		{88C10950-A374-4C84-8C0C-4C4F0565D526}.Debug|Any CPU.ActiveCfg = Debug|Any CPU
		{88C10950-A374-4C84-8C0C-4C4F0565D526}.Debug|Any CPU.Build.0 = Debug|Any CPU
		{88C10950-A374-4C84-8C0C-4C4F0565D526}.Release|Any CPU.ActiveCfg = Release|Any CPU
		{88C10950-A374-4C84-8C0C-4C4F0565D526}.Release|Any CPU.Build.0 = Release|Any CPU
		{59A75BD9-06E5-4427-819C-EA0952467133}.Debug|Any CPU.ActiveCfg = Debug|Any CPU
		{59A75BD9-06E5-4427-819C-EA0952467133}.Debug|Any CPU.Build.0 = Debug|Any CPU
		{59A75BD9-06E5-4427-819C-EA0952467133}.Release|Any CPU.ActiveCfg = Release|Any CPU
		{59A75BD9-06E5-4427-819C-EA0952467133}.Release|Any CPU.Build.0 = Release|Any CPU
		{07B16116-E854-43B8-8A97-2622742FA4CE}.Debug|Any CPU.ActiveCfg = Debug|Any CPU
		{07B16116-E854-43B8-8A97-2622742FA4CE}.Debug|Any CPU.Build.0 = Debug|Any CPU
		{07B16116-E854-43B8-8A97-2622742FA4CE}.Release|Any CPU.ActiveCfg = Release|Any CPU
		{07B16116-E854-43B8-8A97-2622742FA4CE}.Release|Any CPU.Build.0 = Release|Any CPU
		{FF8D2627-DEDA-4268-86C5-CE338591BD8B}.Debug|Any CPU.ActiveCfg = Debug|Any CPU
		{FF8D2627-DEDA-4268-86C5-CE338591BD8B}.Debug|Any CPU.Build.0 = Debug|Any CPU
		{FF8D2627-DEDA-4268-86C5-CE338591BD8B}.Release|Any CPU.ActiveCfg = Release|Any CPU
		{FF8D2627-DEDA-4268-86C5-CE338591BD8B}.Release|Any CPU.Build.0 = Release|Any CPU
		{7F319189-FB0A-4EF5-896F-89AB2492A933}.Debug|Any CPU.ActiveCfg = Debug|Any CPU
		{7F319189-FB0A-4EF5-896F-89AB2492A933}.Debug|Any CPU.Build.0 = Debug|Any CPU
		{7F319189-FB0A-4EF5-896F-89AB2492A933}.Release|Any CPU.ActiveCfg = Release|Any CPU
		{7F319189-FB0A-4EF5-896F-89AB2492A933}.Release|Any CPU.Build.0 = Release|Any CPU
		{F0B288AC-031E-442F-A87F-C1C57C369490}.Debug|Any CPU.ActiveCfg = Debug|Any CPU
		{F0B288AC-031E-442F-A87F-C1C57C369490}.Debug|Any CPU.Build.0 = Debug|Any CPU
		{F0B288AC-031E-442F-A87F-C1C57C369490}.Release|Any CPU.ActiveCfg = Release|Any CPU
		{F0B288AC-031E-442F-A87F-C1C57C369490}.Release|Any CPU.Build.0 = Release|Any CPU
		{322F67E0-92AD-4DBB-8E6D-13114B98B772}.Debug|Any CPU.ActiveCfg = Debug|Any CPU
		{322F67E0-92AD-4DBB-8E6D-13114B98B772}.Debug|Any CPU.Build.0 = Debug|Any CPU
		{322F67E0-92AD-4DBB-8E6D-13114B98B772}.Release|Any CPU.ActiveCfg = Release|Any CPU
		{322F67E0-92AD-4DBB-8E6D-13114B98B772}.Release|Any CPU.Build.0 = Release|Any CPU
		{6D611CBD-913C-4C70-831C-D3ABF2FE7207}.Debug|Any CPU.ActiveCfg = Debug|Any CPU
		{6D611CBD-913C-4C70-831C-D3ABF2FE7207}.Debug|Any CPU.Build.0 = Debug|Any CPU
		{6D611CBD-913C-4C70-831C-D3ABF2FE7207}.Release|Any CPU.ActiveCfg = Release|Any CPU
		{6D611CBD-913C-4C70-831C-D3ABF2FE7207}.Release|Any CPU.Build.0 = Release|Any CPU
		{72B7CDA6-58A7-493E-9A55-A2EB92E8D813}.Debug|Any CPU.ActiveCfg = Debug|Any CPU
		{72B7CDA6-58A7-493E-9A55-A2EB92E8D813}.Debug|Any CPU.Build.0 = Debug|Any CPU
		{72B7CDA6-58A7-493E-9A55-A2EB92E8D813}.Release|Any CPU.ActiveCfg = Release|Any CPU
		{72B7CDA6-58A7-493E-9A55-A2EB92E8D813}.Release|Any CPU.Build.0 = Release|Any CPU
		{CF8E10C7-15D1-4577-B7E2-9ED5F18F30AA}.Debug|Any CPU.ActiveCfg = Debug|Any CPU
		{CF8E10C7-15D1-4577-B7E2-9ED5F18F30AA}.Debug|Any CPU.Build.0 = Debug|Any CPU
		{CF8E10C7-15D1-4577-B7E2-9ED5F18F30AA}.Release|Any CPU.ActiveCfg = Release|Any CPU
		{CF8E10C7-15D1-4577-B7E2-9ED5F18F30AA}.Release|Any CPU.Build.0 = Release|Any CPU
		{4E677C34-A13A-4EB6-8599-7BC936457F56}.Debug|Any CPU.ActiveCfg = Debug|Any CPU
		{4E677C34-A13A-4EB6-8599-7BC936457F56}.Debug|Any CPU.Build.0 = Debug|Any CPU
		{4E677C34-A13A-4EB6-8599-7BC936457F56}.Release|Any CPU.ActiveCfg = Release|Any CPU
		{4E677C34-A13A-4EB6-8599-7BC936457F56}.Release|Any CPU.Build.0 = Release|Any CPU
		{106902E5-F322-48B3-AD14-40E228E26BD3}.Debug|Any CPU.ActiveCfg = Debug|Any CPU
		{106902E5-F322-48B3-AD14-40E228E26BD3}.Debug|Any CPU.Build.0 = Debug|Any CPU
		{106902E5-F322-48B3-AD14-40E228E26BD3}.Release|Any CPU.ActiveCfg = Release|Any CPU
		{106902E5-F322-48B3-AD14-40E228E26BD3}.Release|Any CPU.Build.0 = Release|Any CPU
		{783898D4-D249-4919-BD1C-7FE9EC1B18B6}.Debug|Any CPU.ActiveCfg = Debug|Any CPU
		{783898D4-D249-4919-BD1C-7FE9EC1B18B6}.Debug|Any CPU.Build.0 = Debug|Any CPU
		{783898D4-D249-4919-BD1C-7FE9EC1B18B6}.Release|Any CPU.ActiveCfg = Release|Any CPU
		{783898D4-D249-4919-BD1C-7FE9EC1B18B6}.Release|Any CPU.Build.0 = Release|Any CPU
		{258CE8C9-F2CB-4D33-9027-C707B6BA3FEF}.Debug|Any CPU.ActiveCfg = Debug|Any CPU
		{258CE8C9-F2CB-4D33-9027-C707B6BA3FEF}.Debug|Any CPU.Build.0 = Debug|Any CPU
		{258CE8C9-F2CB-4D33-9027-C707B6BA3FEF}.Release|Any CPU.ActiveCfg = Release|Any CPU
		{258CE8C9-F2CB-4D33-9027-C707B6BA3FEF}.Release|Any CPU.Build.0 = Release|Any CPU
		{1424CCFB-942F-4792-89BA-4618A1051173}.Debug|Any CPU.ActiveCfg = Debug|Any CPU
		{1424CCFB-942F-4792-89BA-4618A1051173}.Debug|Any CPU.Build.0 = Debug|Any CPU
		{1424CCFB-942F-4792-89BA-4618A1051173}.Release|Any CPU.ActiveCfg = Release|Any CPU
		{1424CCFB-942F-4792-89BA-4618A1051173}.Release|Any CPU.Build.0 = Release|Any CPU
		{97206476-D55D-4CD1-9F7E-4A750F842816}.Debug|Any CPU.ActiveCfg = Debug|Any CPU
		{97206476-D55D-4CD1-9F7E-4A750F842816}.Debug|Any CPU.Build.0 = Debug|Any CPU
		{97206476-D55D-4CD1-9F7E-4A750F842816}.Release|Any CPU.ActiveCfg = Release|Any CPU
		{97206476-D55D-4CD1-9F7E-4A750F842816}.Release|Any CPU.Build.0 = Release|Any CPU
		{9D2F59E8-E1CC-4AA7-9EE9-E8E56D5B649A}.Debug|Any CPU.ActiveCfg = Debug|Any CPU
		{9D2F59E8-E1CC-4AA7-9EE9-E8E56D5B649A}.Debug|Any CPU.Build.0 = Debug|Any CPU
		{9D2F59E8-E1CC-4AA7-9EE9-E8E56D5B649A}.Release|Any CPU.ActiveCfg = Release|Any CPU
		{9D2F59E8-E1CC-4AA7-9EE9-E8E56D5B649A}.Release|Any CPU.Build.0 = Release|Any CPU
		{C3957725-FF31-4A0A-8A19-7842A03217A4}.Debug|Any CPU.ActiveCfg = Debug|Any CPU
		{C3957725-FF31-4A0A-8A19-7842A03217A4}.Debug|Any CPU.Build.0 = Debug|Any CPU
		{C3957725-FF31-4A0A-8A19-7842A03217A4}.Release|Any CPU.ActiveCfg = Release|Any CPU
		{C3957725-FF31-4A0A-8A19-7842A03217A4}.Release|Any CPU.Build.0 = Release|Any CPU
		{A2B9FADF-BA8A-484A-AA38-9C590B22528B}.Debug|Any CPU.ActiveCfg = Debug|Any CPU
		{A2B9FADF-BA8A-484A-AA38-9C590B22528B}.Debug|Any CPU.Build.0 = Debug|Any CPU
		{A2B9FADF-BA8A-484A-AA38-9C590B22528B}.Release|Any CPU.ActiveCfg = Release|Any CPU
		{A2B9FADF-BA8A-484A-AA38-9C590B22528B}.Release|Any CPU.Build.0 = Release|Any CPU
		{04D44C0F-A269-41D5-BA6D-0E2055D3D556}.Debug|Any CPU.ActiveCfg = Debug|Any CPU
		{04D44C0F-A269-41D5-BA6D-0E2055D3D556}.Debug|Any CPU.Build.0 = Debug|Any CPU
		{04D44C0F-A269-41D5-BA6D-0E2055D3D556}.Release|Any CPU.ActiveCfg = Release|Any CPU
		{04D44C0F-A269-41D5-BA6D-0E2055D3D556}.Release|Any CPU.Build.0 = Release|Any CPU
		{24F55801-F79E-4BAF-B085-435933133A46}.Debug|Any CPU.ActiveCfg = Debug|Any CPU
		{24F55801-F79E-4BAF-B085-435933133A46}.Debug|Any CPU.Build.0 = Debug|Any CPU
		{24F55801-F79E-4BAF-B085-435933133A46}.Release|Any CPU.ActiveCfg = Release|Any CPU
		{24F55801-F79E-4BAF-B085-435933133A46}.Release|Any CPU.Build.0 = Release|Any CPU
		{267E9F6B-1D62-40A1-A05A-323E3F628446}.Debug|Any CPU.ActiveCfg = Debug|Any CPU
		{267E9F6B-1D62-40A1-A05A-323E3F628446}.Debug|Any CPU.Build.0 = Debug|Any CPU
		{267E9F6B-1D62-40A1-A05A-323E3F628446}.Release|Any CPU.ActiveCfg = Release|Any CPU
		{267E9F6B-1D62-40A1-A05A-323E3F628446}.Release|Any CPU.Build.0 = Release|Any CPU
		{048F5100-A5DD-497D-B624-3F15FC2DFDAC}.Debug|Any CPU.ActiveCfg = Debug|Any CPU
		{048F5100-A5DD-497D-B624-3F15FC2DFDAC}.Debug|Any CPU.Build.0 = Debug|Any CPU
		{048F5100-A5DD-497D-B624-3F15FC2DFDAC}.Release|Any CPU.ActiveCfg = Release|Any CPU
		{048F5100-A5DD-497D-B624-3F15FC2DFDAC}.Release|Any CPU.Build.0 = Release|Any CPU
		{34F9BE7D-BB92-401A-A12E-A6C181D80F96}.Debug|Any CPU.ActiveCfg = Debug|Any CPU
		{34F9BE7D-BB92-401A-A12E-A6C181D80F96}.Debug|Any CPU.Build.0 = Debug|Any CPU
		{34F9BE7D-BB92-401A-A12E-A6C181D80F96}.Release|Any CPU.ActiveCfg = Release|Any CPU
		{34F9BE7D-BB92-401A-A12E-A6C181D80F96}.Release|Any CPU.Build.0 = Release|Any CPU
		{7183F58C-C164-4D68-9B2E-14F8CD3808E8}.Debug|Any CPU.ActiveCfg = Debug|Any CPU
		{7183F58C-C164-4D68-9B2E-14F8CD3808E8}.Debug|Any CPU.Build.0 = Debug|Any CPU
		{7183F58C-C164-4D68-9B2E-14F8CD3808E8}.Release|Any CPU.ActiveCfg = Release|Any CPU
		{7183F58C-C164-4D68-9B2E-14F8CD3808E8}.Release|Any CPU.Build.0 = Release|Any CPU
		{B04C6212-510E-45BA-B52C-FAFF2487C640}.Debug|Any CPU.ActiveCfg = Debug|Any CPU
		{B04C6212-510E-45BA-B52C-FAFF2487C640}.Debug|Any CPU.Build.0 = Debug|Any CPU
		{B04C6212-510E-45BA-B52C-FAFF2487C640}.Release|Any CPU.ActiveCfg = Release|Any CPU
		{B04C6212-510E-45BA-B52C-FAFF2487C640}.Release|Any CPU.Build.0 = Release|Any CPU
		{844AA192-59DF-41A5-BB07-0EC15A12DEA0}.Debug|Any CPU.ActiveCfg = Debug|Any CPU
		{844AA192-59DF-41A5-BB07-0EC15A12DEA0}.Debug|Any CPU.Build.0 = Debug|Any CPU
		{844AA192-59DF-41A5-BB07-0EC15A12DEA0}.Release|Any CPU.ActiveCfg = Release|Any CPU
		{844AA192-59DF-41A5-BB07-0EC15A12DEA0}.Release|Any CPU.Build.0 = Release|Any CPU
		{7F838CB3-3C41-4A20-AC25-D3D771BC930A}.Debug|Any CPU.ActiveCfg = Debug|Any CPU
		{7F838CB3-3C41-4A20-AC25-D3D771BC930A}.Debug|Any CPU.Build.0 = Debug|Any CPU
		{7F838CB3-3C41-4A20-AC25-D3D771BC930A}.Release|Any CPU.ActiveCfg = Release|Any CPU
		{7F838CB3-3C41-4A20-AC25-D3D771BC930A}.Release|Any CPU.Build.0 = Release|Any CPU
		{D20B9700-50D9-439A-A08F-8E125A0A1109}.Debug|Any CPU.ActiveCfg = Debug|Any CPU
		{D20B9700-50D9-439A-A08F-8E125A0A1109}.Debug|Any CPU.Build.0 = Debug|Any CPU
		{D20B9700-50D9-439A-A08F-8E125A0A1109}.Release|Any CPU.ActiveCfg = Release|Any CPU
		{D20B9700-50D9-439A-A08F-8E125A0A1109}.Release|Any CPU.Build.0 = Release|Any CPU
		{A81EEEBD-DC8E-4E6E-A4DC-1F77AD3FE083}.Debug|Any CPU.ActiveCfg = Debug|Any CPU
		{A81EEEBD-DC8E-4E6E-A4DC-1F77AD3FE083}.Debug|Any CPU.Build.0 = Debug|Any CPU
		{A81EEEBD-DC8E-4E6E-A4DC-1F77AD3FE083}.Release|Any CPU.ActiveCfg = Release|Any CPU
		{A81EEEBD-DC8E-4E6E-A4DC-1F77AD3FE083}.Release|Any CPU.Build.0 = Release|Any CPU
	EndGlobalSection
	GlobalSection(SolutionProperties) = preSolution
		HideSolutionNode = FALSE
	EndGlobalSection
	GlobalSection(NestedProjects) = preSolution
		{BD54140F-20BC-48CC-A833-9B103BED57DE} = {B1A5CA85-A06B-4B71-8ECF-D7B9EAA89C3C}
		{362341FE-15F8-465C-9D3A-B265830A2010} = {B1A5CA85-A06B-4B71-8ECF-D7B9EAA89C3C}
		{884CCF5F-D3C5-49CF-A921-224B3965A104} = {B1A5CA85-A06B-4B71-8ECF-D7B9EAA89C3C}
		{24C138B8-9938-41D5-816E-4C5FCE642C0D} = {B1A5CA85-A06B-4B71-8ECF-D7B9EAA89C3C}
		{F81692A7-A614-4283-9BDB-60FC5619C53C} = {B1A5CA85-A06B-4B71-8ECF-D7B9EAA89C3C}
		{0F351F1B-2620-4E8B-8F58-D79AB6BE889B} = {B1A5CA85-A06B-4B71-8ECF-D7B9EAA89C3C}
		{E5420F75-DF5E-406A-BA30-F07D40669B97} = {B1A5CA85-A06B-4B71-8ECF-D7B9EAA89C3C}
		{BC8C8DE4-97ED-4CE1-BF3B-99C179483017} = {B1A5CA85-A06B-4B71-8ECF-D7B9EAA89C3C}
		{70651865-3B27-4A21-AE2D-A29844B78333} = {B1A5CA85-A06B-4B71-8ECF-D7B9EAA89C3C}
		{0D49E417-0277-4D08-B71E-F0361369A1F1} = {B1A5CA85-A06B-4B71-8ECF-D7B9EAA89C3C}
		{3612AEFE-0E9A-4D52-B61E-FE748C1F041C} = {B1A5CA85-A06B-4B71-8ECF-D7B9EAA89C3C}
		{92BCD6CB-B234-47F4-94C2-8670DB255E63} = {B1A5CA85-A06B-4B71-8ECF-D7B9EAA89C3C}
		{783F7BA7-378C-4510-B985-27ACDA92254E} = {B1A5CA85-A06B-4B71-8ECF-D7B9EAA89C3C}
		{8C8904C2-E7F6-4239-A829-3A549B86DAF7} = {B1A5CA85-A06B-4B71-8ECF-D7B9EAA89C3C}
		{CA8B03FA-9A57-4142-99AA-E74F49C6B669} = {B1A5CA85-A06B-4B71-8ECF-D7B9EAA89C3C}
		{88C10950-A374-4C84-8C0C-4C4F0565D526} = {B1A5CA85-A06B-4B71-8ECF-D7B9EAA89C3C}
		{59A75BD9-06E5-4427-819C-EA0952467133} = {B1A5CA85-A06B-4B71-8ECF-D7B9EAA89C3C}
		{07B16116-E854-43B8-8A97-2622742FA4CE} = {B1A5CA85-A06B-4B71-8ECF-D7B9EAA89C3C}
		{FF8D2627-DEDA-4268-86C5-CE338591BD8B} = {92C61CA2-E56E-4092-923D-7CE983D024B1}
		{7F319189-FB0A-4EF5-896F-89AB2492A933} = {92C61CA2-E56E-4092-923D-7CE983D024B1}
		{F0B288AC-031E-442F-A87F-C1C57C369490} = {92C61CA2-E56E-4092-923D-7CE983D024B1}
		{322F67E0-92AD-4DBB-8E6D-13114B98B772} = {92C61CA2-E56E-4092-923D-7CE983D024B1}
		{6D611CBD-913C-4C70-831C-D3ABF2FE7207} = {E8B29620-A847-47DF-979D-501C58EEFE7B}
		{72B7CDA6-58A7-493E-9A55-A2EB92E8D813} = {92C61CA2-E56E-4092-923D-7CE983D024B1}
		{CF8E10C7-15D1-4577-B7E2-9ED5F18F30AA} = {58E2D76F-4542-4DB2-82B2-D0B3A662E581}
		{4E677C34-A13A-4EB6-8599-7BC936457F56} = {58E2D76F-4542-4DB2-82B2-D0B3A662E581}
		{106902E5-F322-48B3-AD14-40E228E26BD3} = {58E2D76F-4542-4DB2-82B2-D0B3A662E581}
		{783898D4-D249-4919-BD1C-7FE9EC1B18B6} = {71D3D7CD-527B-4CE6-B78E-08D8289A17DD}
		{258CE8C9-F2CB-4D33-9027-C707B6BA3FEF} = {71D3D7CD-527B-4CE6-B78E-08D8289A17DD}
		{1424CCFB-942F-4792-89BA-4618A1051173} = {71D3D7CD-527B-4CE6-B78E-08D8289A17DD}
		{97206476-D55D-4CD1-9F7E-4A750F842816} = {71D3D7CD-527B-4CE6-B78E-08D8289A17DD}
		{9D2F59E8-E1CC-4AA7-9EE9-E8E56D5B649A} = {71D3D7CD-527B-4CE6-B78E-08D8289A17DD}
		{C3957725-FF31-4A0A-8A19-7842A03217A4} = {71D3D7CD-527B-4CE6-B78E-08D8289A17DD}
		{A2B9FADF-BA8A-484A-AA38-9C590B22528B} = {487DCD46-7A1D-4074-A2F7-F2D62D60A643}
		{04D44C0F-A269-41D5-BA6D-0E2055D3D556} = {118665DD-78C7-45CC-BBE4-951C4C9B06CA}
		{D6ED5A25-00D8-4D80-988D-900E95E53433} = {0DCCBF39-B19F-41EE-8B53-1C0B858186E8}
		{487DCD46-7A1D-4074-A2F7-F2D62D60A643} = {D6ED5A25-00D8-4D80-988D-900E95E53433}
		{118665DD-78C7-45CC-BBE4-951C4C9B06CA} = {D6ED5A25-00D8-4D80-988D-900E95E53433}
		{F4B4F373-BAE8-4B55-BD66-59B1DCD11B21} = {0DCCBF39-B19F-41EE-8B53-1C0B858186E8}
		{8A172A14-EC89-4058-A591-FC226DB1E5F8} = {F4B4F373-BAE8-4B55-BD66-59B1DCD11B21}
		{03E91226-C48A-4745-8EAD-9F8BBA71755E} = {F4B4F373-BAE8-4B55-BD66-59B1DCD11B21}
		{24F55801-F79E-4BAF-B085-435933133A46} = {03E91226-C48A-4745-8EAD-9F8BBA71755E}
		{267E9F6B-1D62-40A1-A05A-323E3F628446} = {8A172A14-EC89-4058-A591-FC226DB1E5F8}
		{23D41897-09E3-4106-8C92-5D3C3EE6E183} = {0DCCBF39-B19F-41EE-8B53-1C0B858186E8}
		{E413E884-E3E7-47CF-A02E-F9253C1076E9} = {23D41897-09E3-4106-8C92-5D3C3EE6E183}
		{28449FA6-07B5-4385-B0EE-31B9A2CC7377} = {23D41897-09E3-4106-8C92-5D3C3EE6E183}
		{048F5100-A5DD-497D-B624-3F15FC2DFDAC} = {28449FA6-07B5-4385-B0EE-31B9A2CC7377}
		{34F9BE7D-BB92-401A-A12E-A6C181D80F96} = {E413E884-E3E7-47CF-A02E-F9253C1076E9}
		{AB80826D-EBD6-43A5-A237-12217C2B8247} = {0DCCBF39-B19F-41EE-8B53-1C0B858186E8}
		{477D7BD1-0CF5-4C20-85D9-8DB5D295A993} = {AB80826D-EBD6-43A5-A237-12217C2B8247}
		{8FE1C47A-618E-4DBC-9F86-0C70A1993C50} = {AB80826D-EBD6-43A5-A237-12217C2B8247}
		{7183F58C-C164-4D68-9B2E-14F8CD3808E8} = {477D7BD1-0CF5-4C20-85D9-8DB5D295A993}
		{B04C6212-510E-45BA-B52C-FAFF2487C640} = {8FE1C47A-618E-4DBC-9F86-0C70A1993C50}
		{844AA192-59DF-41A5-BB07-0EC15A12DEA0} = {600F1E71-4485-423B-8775-F5676BAF80AE}
		{7F838CB3-3C41-4A20-AC25-D3D771BC930A} = {600F1E71-4485-423B-8775-F5676BAF80AE}
		{D20B9700-50D9-439A-A08F-8E125A0A1109} = {600F1E71-4485-423B-8775-F5676BAF80AE}
		{A81EEEBD-DC8E-4E6E-A4DC-1F77AD3FE083} = {600F1E71-4485-423B-8775-F5676BAF80AE}
	EndGlobalSection
	GlobalSection(ExtensibilityGlobals) = postSolution
		SolutionGuid = {B3E83B82-9C0A-4743-90EA-332CDA167FC7}
	EndGlobalSection
EndGlobal
